
Microsoft Visual Studio Solution File, Format Version 12.00
# Visual Studio Version 17
VisualStudioVersion = 17.4.33205.214
MinimumVisualStudioVersion = 10.0.40219.1
Project("{FAE04EC0-301F-11D3-BF4B-00C04F79EFBC}") = "project start", "project start\project start.csproj", "{D17F8FD6-1F95-4D4D-B748-9C802EAD6C58}"
EndProject
Global
	GlobalSection(SolutionConfigurationPlatforms) = preSolution
		Debug|Any CPU = Debug|Any CPU
		Release|Any CPU = Release|Any CPU
	EndGlobalSection
	GlobalSection(ProjectConfigurationPlatforms) = postSolution
		{D17F8FD6-1F95-4D4D-B748-9C802EAD6C58}.Debug|Any CPU.ActiveCfg = Debug|Any CPU
		{D17F8FD6-1F95-4D4D-B748-9C802EAD6C58}.Debug|Any CPU.Build.0 = Debug|Any CPU
		{D17F8FD6-1F95-4D4D-B748-9C802EAD6C58}.Release|Any CPU.ActiveCfg = Release|Any CPU
		{D17F8FD6-1F95-4D4D-B748-9C802EAD6C58}.Release|Any CPU.Build.0 = Release|Any CPU
	EndGlobalSection
	GlobalSection(SolutionProperties) = preSolution
		HideSolutionNode = FALSE
	EndGlobalSection
	GlobalSection(ExtensibilityGlobals) = postSolution
		SolutionGuid = {5C3B3230-085D-408D-9DB9-FACC848ABF80}
	EndGlobalSection
EndGlobal
